
Microsoft Visual Studio Solution File, Format Version 12.00
# Visual Studio Version 17
VisualStudioVersion = 17.13.35828.75
MinimumVisualStudioVersion = 10.0.40219.1
Project("{FAE04EC0-301F-11D3-BF4B-00C04F79EFBC}") = "ChatClient.Client", "ChatClient.Client\ChatClient.Client.csproj", "{9B54091D-57ED-4042-94A6-E04583A16FB2}"
EndProject
Project("{FAE04EC0-301F-11D3-BF4B-00C04F79EFBC}") = "ChatServer.Common", "ChatServer.Common\ChatServer.Common.csproj", "{79BAB8D7-4AE3-48FA-9341-676B2B2EC5F0}"
EndProject
Project("{FAE04EC0-301F-11D3-BF4B-00C04F79EFBC}") = "ChatClient.Tool", "ChatClient.Tool\ChatClient.Tool.csproj", "{5802E8D5-1ECD-4387-B015-987A2D3FF326}"
EndProject
Project("{FAE04EC0-301F-11D3-BF4B-00C04F79EFBC}") = "ChatClient.Avalonia", "ChatClient.Avalonia\ChatClient.Avalonia.csproj", "{7CAC8E0F-B882-41DE-B970-0DC6CD084189}"
EndProject
Project("{FAE04EC0-301F-11D3-BF4B-00C04F79EFBC}") = "ChatClient.BaseService", "ChatClient.BaseService\ChatClient.BaseService.csproj", "{C5C0EA97-885B-43DF-BDEB-04606F0F50C4}"
EndProject
Project("{FAE04EC0-301F-11D3-BF4B-00C04F79EFBC}") = "ChatClient.Resources", "ChatClient.Resources\ChatClient.Resources.csproj", "{D36E7FFC-050C-4CFF-B26C-00C5EDF7A3CD}"
EndProject
Project("{2150E333-8FDC-42A3-9474-1A3956D46DE8}") = "ChatClient.App", "ChatClient.App", "{6C072A7E-9A07-4617-B51A-8DF068D4E4E9}"
EndProject
Project("{FAE04EC0-301F-11D3-BF4B-00C04F79EFBC}") = "ChatClient.Media.Desktop", "ChatClient.Media.Desktop\ChatClient.Media.Desktop.csproj", "{59550586-FE86-62F0-C162-055755BB1FE0}"
EndProject
Project("{FAE04EC0-301F-11D3-BF4B-00C04F79EFBC}") = "ChatClient.Desktop", "ChatClient.Desktop\ChatClient.Desktop.csproj", "{F04F69D0-C903-45E0-8A45-EB548B9257B9}"
EndProject
Project("{FAE04EC0-301F-11D3-BF4B-00C04F79EFBC}") = "ChatClient.DataBase.EfCore", "ChatClient.DataBase.EfCore\ChatClient.DataBase.EfCore.csproj", "{0F6A4457-761B-4F62-A530-D40C9A280328}"
EndProject
Project("{2150E333-8FDC-42A3-9474-1A3956D46DE8}") = "ChatClient.DataBase", "ChatClient.DataBase", "{BD5E6113-251A-4748-9420-1239AD144616}"
EndProject
Project("{2150E333-8FDC-42A3-9474-1A3956D46DE8}") = "ChatClient.BaseService", "ChatClient.BaseService", "{8244C8DF-B8A6-4B61-838F-0F47F494147E}"
EndProject
Project("{FAE04EC0-301F-11D3-BF4B-00C04F79EFBC}") = "ChatClient.DataBase.SqlSugar", "ChatClient.DataBase.SqlSugar\ChatClient.DataBase.SqlSugar.csproj", "{D75BB040-9AF2-4DBD-A3CF-6DE58DAC9686}"
EndProject
Project("{FAE04EC0-301F-11D3-BF4B-00C04F79EFBC}") = "ChatClient.BaseService.EfCore", "ChatClient.BaseService.EfCore\ChatClient.BaseService.EfCore.csproj", "{3F7209DC-0980-4BAD-96A6-B5240D262AF6}"
EndProject
Project("{FAE04EC0-301F-11D3-BF4B-00C04F79EFBC}") = "ChatClient.BaseService.SqlSugar", "ChatClient.BaseService.SqlSugar\ChatClient.BaseService.SqlSugar.csproj", "{67BFD1D6-7B26-4C51-9D9D-108F42ED301D}"
EndProject
Project("{FAE04EC0-301F-11D3-BF4B-00C04F79EFBC}") = "ChatClient.Avalonia.Suki", "ChatClient.Avalonia.Suki\ChatClient.Avalonia.Suki.csproj", "{4F5F2121-4C90-486E-8749-A7102EE5C79E}"
EndProject
Project("{FAE04EC0-301F-11D3-BF4B-00C04F79EFBC}") = "ChatClient.Android", "ChatClient.Android\ChatClient.Android.csproj", "{96ADAEE7-2934-A6C2-2B1F-A52D969B916A}"
EndProject
Project("{FAE04EC0-301F-11D3-BF4B-00C04F79EFBC}") = "ChatClient.Avalonia.Semi", "ChatClient.Avalonia.Semi\ChatClient.Avalonia.Semi.csproj", "{65123B1D-96BF-40D0-AEFA-4981338ECA28}"
EndProject
Project("{FAE04EC0-301F-11D3-BF4B-00C04F79EFBC}") = "ChatClient.Android.Desktop", "ChatClient.Android.Desktop\ChatClient.Android.Desktop.csproj", "{5D4A7E9A-6D7B-2A18-85D1-6BA8B349D2D5}"
EndProject
Project("{FAE04EC0-301F-11D3-BF4B-00C04F79EFBC}") = "ChatClient.Android.Shared", "ChatClient.Android.Shared\ChatClient.Android.Shared.csproj", "{8F42F5DE-8BE6-4C24-BAC0-F11D777A0E1E}"
EndProject
Project("{FAE04EC0-301F-11D3-BF4B-00C04F79EFBC}") = "ChatClient.Media.Android", "ChatClient.Media.Android\ChatClient.Media.Android.csproj", "{9F3FE938-E6F5-4D6E-A2DD-83210A7E2338}"
EndProject
Project("{2150E333-8FDC-42A3-9474-1A3956D46DE8}") = "ChatClient.Media", "ChatClient.Media", "{459B49B1-CA0E-419A-A349-95C3AEC9162C}"
EndProject
Project("{2150E333-8FDC-42A3-9474-1A3956D46DE8}") = "ChatClient.Theme", "ChatClient.Theme", "{C5A4D643-01FE-4792-817C-145142FD3E93}"
EndProject
Global
	GlobalSection(SolutionConfigurationPlatforms) = preSolution
		Debug|Any CPU = Debug|Any CPU
		Release|Any CPU = Release|Any CPU
	EndGlobalSection
	GlobalSection(ProjectConfigurationPlatforms) = postSolution
		{9B54091D-57ED-4042-94A6-E04583A16FB2}.Debug|Any CPU.ActiveCfg = Debug|Any CPU
		{9B54091D-57ED-4042-94A6-E04583A16FB2}.Debug|Any CPU.Build.0 = Debug|Any CPU
		{9B54091D-57ED-4042-94A6-E04583A16FB2}.Release|Any CPU.ActiveCfg = Release|Any CPU
		{9B54091D-57ED-4042-94A6-E04583A16FB2}.Release|Any CPU.Build.0 = Release|Any CPU
		{79BAB8D7-4AE3-48FA-9341-676B2B2EC5F0}.Debug|Any CPU.ActiveCfg = Debug|Any CPU
		{79BAB8D7-4AE3-48FA-9341-676B2B2EC5F0}.Debug|Any CPU.Build.0 = Debug|Any CPU
		{79BAB8D7-4AE3-48FA-9341-676B2B2EC5F0}.Release|Any CPU.ActiveCfg = Release|Any CPU
		{79BAB8D7-4AE3-48FA-9341-676B2B2EC5F0}.Release|Any CPU.Build.0 = Release|Any CPU
		{5802E8D5-1ECD-4387-B015-987A2D3FF326}.Debug|Any CPU.ActiveCfg = Debug|Any CPU
		{5802E8D5-1ECD-4387-B015-987A2D3FF326}.Debug|Any CPU.Build.0 = Debug|Any CPU
		{5802E8D5-1ECD-4387-B015-987A2D3FF326}.Release|Any CPU.ActiveCfg = Release|Any CPU
		{5802E8D5-1ECD-4387-B015-987A2D3FF326}.Release|Any CPU.Build.0 = Release|Any CPU
		{7CAC8E0F-B882-41DE-B970-0DC6CD084189}.Debug|Any CPU.ActiveCfg = Debug|Any CPU
		{7CAC8E0F-B882-41DE-B970-0DC6CD084189}.Debug|Any CPU.Build.0 = Debug|Any CPU
		{7CAC8E0F-B882-41DE-B970-0DC6CD084189}.Release|Any CPU.ActiveCfg = Release|Any CPU
		{7CAC8E0F-B882-41DE-B970-0DC6CD084189}.Release|Any CPU.Build.0 = Release|Any CPU
		{C5C0EA97-885B-43DF-BDEB-04606F0F50C4}.Debug|Any CPU.ActiveCfg = Debug|Any CPU
		{C5C0EA97-885B-43DF-BDEB-04606F0F50C4}.Debug|Any CPU.Build.0 = Debug|Any CPU
		{C5C0EA97-885B-43DF-BDEB-04606F0F50C4}.Release|Any CPU.ActiveCfg = Release|Any CPU
		{C5C0EA97-885B-43DF-BDEB-04606F0F50C4}.Release|Any CPU.Build.0 = Release|Any CPU
		{D36E7FFC-050C-4CFF-B26C-00C5EDF7A3CD}.Debug|Any CPU.ActiveCfg = Debug|Any CPU
		{D36E7FFC-050C-4CFF-B26C-00C5EDF7A3CD}.Debug|Any CPU.Build.0 = Debug|Any CPU
		{D36E7FFC-050C-4CFF-B26C-00C5EDF7A3CD}.Release|Any CPU.ActiveCfg = Release|Any CPU
		{D36E7FFC-050C-4CFF-B26C-00C5EDF7A3CD}.Release|Any CPU.Build.0 = Release|Any CPU
		{59550586-FE86-62F0-C162-055755BB1FE0}.Debug|Any CPU.ActiveCfg = Debug|Any CPU
		{59550586-FE86-62F0-C162-055755BB1FE0}.Debug|Any CPU.Build.0 = Debug|Any CPU
		{59550586-FE86-62F0-C162-055755BB1FE0}.Release|Any CPU.ActiveCfg = Release|Any CPU
		{59550586-FE86-62F0-C162-055755BB1FE0}.Release|Any CPU.Build.0 = Release|Any CPU
		{F04F69D0-C903-45E0-8A45-EB548B9257B9}.Debug|Any CPU.ActiveCfg = Debug|Any CPU
		{F04F69D0-C903-45E0-8A45-EB548B9257B9}.Debug|Any CPU.Build.0 = Debug|Any CPU
		{F04F69D0-C903-45E0-8A45-EB548B9257B9}.Release|Any CPU.ActiveCfg = Release|Any CPU
		{F04F69D0-C903-45E0-8A45-EB548B9257B9}.Release|Any CPU.Build.0 = Release|Any CPU
		{0F6A4457-761B-4F62-A530-D40C9A280328}.Debug|Any CPU.ActiveCfg = Debug|Any CPU
		{0F6A4457-761B-4F62-A530-D40C9A280328}.Debug|Any CPU.Build.0 = Debug|Any CPU
		{0F6A4457-761B-4F62-A530-D40C9A280328}.Release|Any CPU.ActiveCfg = Release|Any CPU
		{0F6A4457-761B-4F62-A530-D40C9A280328}.Release|Any CPU.Build.0 = Release|Any CPU
		{D75BB040-9AF2-4DBD-A3CF-6DE58DAC9686}.Debug|Any CPU.ActiveCfg = Debug|Any CPU
		{D75BB040-9AF2-4DBD-A3CF-6DE58DAC9686}.Debug|Any CPU.Build.0 = Debug|Any CPU
		{D75BB040-9AF2-4DBD-A3CF-6DE58DAC9686}.Release|Any CPU.ActiveCfg = Release|Any CPU
		{D75BB040-9AF2-4DBD-A3CF-6DE58DAC9686}.Release|Any CPU.Build.0 = Release|Any CPU
		{3F7209DC-0980-4BAD-96A6-B5240D262AF6}.Debug|Any CPU.ActiveCfg = Debug|Any CPU
		{3F7209DC-0980-4BAD-96A6-B5240D262AF6}.Debug|Any CPU.Build.0 = Debug|Any CPU
		{3F7209DC-0980-4BAD-96A6-B5240D262AF6}.Release|Any CPU.ActiveCfg = Release|Any CPU
		{3F7209DC-0980-4BAD-96A6-B5240D262AF6}.Release|Any CPU.Build.0 = Release|Any CPU
		{67BFD1D6-7B26-4C51-9D9D-108F42ED301D}.Debug|Any CPU.ActiveCfg = Debug|Any CPU
		{67BFD1D6-7B26-4C51-9D9D-108F42ED301D}.Debug|Any CPU.Build.0 = Debug|Any CPU
		{67BFD1D6-7B26-4C51-9D9D-108F42ED301D}.Release|Any CPU.ActiveCfg = Release|Any CPU
		{67BFD1D6-7B26-4C51-9D9D-108F42ED301D}.Release|Any CPU.Build.0 = Release|Any CPU
		{4F5F2121-4C90-486E-8749-A7102EE5C79E}.Debug|Any CPU.ActiveCfg = Debug|Any CPU
		{4F5F2121-4C90-486E-8749-A7102EE5C79E}.Debug|Any CPU.Build.0 = Debug|Any CPU
		{4F5F2121-4C90-486E-8749-A7102EE5C79E}.Release|Any CPU.ActiveCfg = Release|Any CPU
		{4F5F2121-4C90-486E-8749-A7102EE5C79E}.Release|Any CPU.Build.0 = Release|Any CPU
		{96ADAEE7-2934-A6C2-2B1F-A52D969B916A}.Debug|Any CPU.ActiveCfg = Debug|Any CPU
		{96ADAEE7-2934-A6C2-2B1F-A52D969B916A}.Debug|Any CPU.Build.0 = Debug|Any CPU
		{96ADAEE7-2934-A6C2-2B1F-A52D969B916A}.Debug|Any CPU.Deploy.0 = Debug|Any CPU
		{96ADAEE7-2934-A6C2-2B1F-A52D969B916A}.Release|Any CPU.ActiveCfg = Release|Any CPU
		{96ADAEE7-2934-A6C2-2B1F-A52D969B916A}.Release|Any CPU.Build.0 = Release|Any CPU
		{96ADAEE7-2934-A6C2-2B1F-A52D969B916A}.Release|Any CPU.Deploy.0 = Release|Any CPU
		{65123B1D-96BF-40D0-AEFA-4981338ECA28}.Debug|Any CPU.ActiveCfg = Debug|Any CPU
		{65123B1D-96BF-40D0-AEFA-4981338ECA28}.Debug|Any CPU.Build.0 = Debug|Any CPU
		{65123B1D-96BF-40D0-AEFA-4981338ECA28}.Release|Any CPU.ActiveCfg = Release|Any CPU
		{65123B1D-96BF-40D0-AEFA-4981338ECA28}.Release|Any CPU.Build.0 = Release|Any CPU
		{5D4A7E9A-6D7B-2A18-85D1-6BA8B349D2D5}.Debug|Any CPU.ActiveCfg = Debug|Any CPU
		{5D4A7E9A-6D7B-2A18-85D1-6BA8B349D2D5}.Debug|Any CPU.Build.0 = Debug|Any CPU
		{5D4A7E9A-6D7B-2A18-85D1-6BA8B349D2D5}.Release|Any CPU.ActiveCfg = Release|Any CPU
		{5D4A7E9A-6D7B-2A18-85D1-6BA8B349D2D5}.Release|Any CPU.Build.0 = Release|Any CPU
		{8F42F5DE-8BE6-4C24-BAC0-F11D777A0E1E}.Debug|Any CPU.ActiveCfg = Debug|Any CPU
		{8F42F5DE-8BE6-4C24-BAC0-F11D777A0E1E}.Debug|Any CPU.Build.0 = Debug|Any CPU
		{8F42F5DE-8BE6-4C24-BAC0-F11D777A0E1E}.Release|Any CPU.ActiveCfg = Release|Any CPU
		{8F42F5DE-8BE6-4C24-BAC0-F11D777A0E1E}.Release|Any CPU.Build.0 = Release|Any CPU
		{9F3FE938-E6F5-4D6E-A2DD-83210A7E2338}.Debug|Any CPU.ActiveCfg = Debug|Any CPU
		{9F3FE938-E6F5-4D6E-A2DD-83210A7E2338}.Debug|Any CPU.Build.0 = Debug|Any CPU
		{9F3FE938-E6F5-4D6E-A2DD-83210A7E2338}.Release|Any CPU.ActiveCfg = Release|Any CPU
		{9F3FE938-E6F5-4D6E-A2DD-83210A7E2338}.Release|Any CPU.Build.0 = Release|Any CPU
	EndGlobalSection
	GlobalSection(SolutionProperties) = preSolution
		HideSolutionNode = FALSE
	EndGlobalSection
	GlobalSection(NestedProjects) = preSolution
		{C5C0EA97-885B-43DF-BDEB-04606F0F50C4} = {8244C8DF-B8A6-4B61-838F-0F47F494147E}
		{F04F69D0-C903-45E0-8A45-EB548B9257B9} = {6C072A7E-9A07-4617-B51A-8DF068D4E4E9}
		{0F6A4457-761B-4F62-A530-D40C9A280328} = {BD5E6113-251A-4748-9420-1239AD144616}
		{D75BB040-9AF2-4DBD-A3CF-6DE58DAC9686} = {BD5E6113-251A-4748-9420-1239AD144616}
		{3F7209DC-0980-4BAD-96A6-B5240D262AF6} = {8244C8DF-B8A6-4B61-838F-0F47F494147E}
		{67BFD1D6-7B26-4C51-9D9D-108F42ED301D} = {8244C8DF-B8A6-4B61-838F-0F47F494147E}
		{96ADAEE7-2934-A6C2-2B1F-A52D969B916A} = {6C072A7E-9A07-4617-B51A-8DF068D4E4E9}
		{5D4A7E9A-6D7B-2A18-85D1-6BA8B349D2D5} = {6C072A7E-9A07-4617-B51A-8DF068D4E4E9}
		{8F42F5DE-8BE6-4C24-BAC0-F11D777A0E1E} = {6C072A7E-9A07-4617-B51A-8DF068D4E4E9}
		{9F3FE938-E6F5-4D6E-A2DD-83210A7E2338} = {459B49B1-CA0E-419A-A349-95C3AEC9162C}
		{59550586-FE86-62F0-C162-055755BB1FE0} = {459B49B1-CA0E-419A-A349-95C3AEC9162C}
		{7CAC8E0F-B882-41DE-B970-0DC6CD084189} = {C5A4D643-01FE-4792-817C-145142FD3E93}
		{65123B1D-96BF-40D0-AEFA-4981338ECA28} = {C5A4D643-01FE-4792-817C-145142FD3E93}
		{4F5F2121-4C90-486E-8749-A7102EE5C79E} = {C5A4D643-01FE-4792-817C-145142FD3E93}
	EndGlobalSection
	GlobalSection(ExtensibilityGlobals) = postSolution
		SolutionGuid = {1512C1DB-4DE9-4AA3-8E5D-13798E6A33E4}
	EndGlobalSection
EndGlobal
